{
  "name": "PulseMeet",
  "version": "1.0.0",
  "lockfileVersion": 3,
  "requires": true,
  "author": "",
  "description": "",
  "keywords": [],
  "license": "ISC",
  "main": "index.js",
  "packages": {
    "": {
      "name": "PulseMeet",
      "version": "1.0.0",
      "license": "ISC"
    }
  },
  "scripts": {
    "test": ""
  }
}
